
Microsoft Visual Studio Solution File, Format Version 12.00
# Visual Studio Version 16
VisualStudioVersion = 16.0.30114.105
MinimumVisualStudioVersion = 10.0.40219.1
Project("{F2A71F9B-5D33-465A-A702-920D77279786}") = "Assignment1", "Assignment1\Assignment1.fsproj", "{F27EE0F7-CD8F-45D5-A9D0-545E8C4C04A2}"
EndProject
Project("{F2A71F9B-5D33-465A-A702-920D77279786}") = "Assignment1.Tests", "Assignment1.Tests\Assignment1.Tests.fsproj", "{9481F6CC-BDC9-4136-8712-683AB4956A6F}"
EndProject
Project("{F2A71F9B-5D33-465A-A702-920D77279786}") = "Assignment2", "Assignment2\Assignment2.fsproj", "{AC03576E-DB25-4563-A91D-225CFD6DAEAD}"
EndProject
Project("{F2A71F9B-5D33-465A-A702-920D77279786}") = "Assignment2.Tests", "Assignment2.Tests\Assignment2.Tests.fsproj", "{05604525-AEBD-4D77-B761-C85FA23A34B6}"
EndProject
Project("{F2A71F9B-5D33-465A-A702-920D77279786}") = "Assignment3", "Assignment3\Assignment3.fsproj", "{14B0E98F-EAC8-49F8-8F1E-F58F56DDA8C2}"
EndProject
Project("{F2A71F9B-5D33-465A-A702-920D77279786}") = "Assignment3.Tests", "Assignment3.Tests\Assignment3.Tests.fsproj", "{A3110D71-BDB8-4E5D-AE0D-973B6481602A}"
EndProject
Global
	GlobalSection(SolutionConfigurationPlatforms) = preSolution
		Debug|Any CPU = Debug|Any CPU
		Debug|x64 = Debug|x64
		Debug|x86 = Debug|x86
		Release|Any CPU = Release|Any CPU
		Release|x64 = Release|x64
		Release|x86 = Release|x86
	EndGlobalSection
	GlobalSection(SolutionProperties) = preSolution
		HideSolutionNode = FALSE
	EndGlobalSection
	GlobalSection(ProjectConfigurationPlatforms) = postSolution
		{F27EE0F7-CD8F-45D5-A9D0-545E8C4C04A2}.Debug|Any CPU.ActiveCfg = Debug|Any CPU
		{F27EE0F7-CD8F-45D5-A9D0-545E8C4C04A2}.Debug|Any CPU.Build.0 = Debug|Any CPU
		{F27EE0F7-CD8F-45D5-A9D0-545E8C4C04A2}.Debug|x64.ActiveCfg = Debug|Any CPU
		{F27EE0F7-CD8F-45D5-A9D0-545E8C4C04A2}.Debug|x64.Build.0 = Debug|Any CPU
		{F27EE0F7-CD8F-45D5-A9D0-545E8C4C04A2}.Debug|x86.ActiveCfg = Debug|Any CPU
		{F27EE0F7-CD8F-45D5-A9D0-545E8C4C04A2}.Debug|x86.Build.0 = Debug|Any CPU
		{F27EE0F7-CD8F-45D5-A9D0-545E8C4C04A2}.Release|Any CPU.ActiveCfg = Release|Any CPU
		{F27EE0F7-CD8F-45D5-A9D0-545E8C4C04A2}.Release|Any CPU.Build.0 = Release|Any CPU
		{F27EE0F7-CD8F-45D5-A9D0-545E8C4C04A2}.Release|x64.ActiveCfg = Release|Any CPU
		{F27EE0F7-CD8F-45D5-A9D0-545E8C4C04A2}.Release|x64.Build.0 = Release|Any CPU
		{F27EE0F7-CD8F-45D5-A9D0-545E8C4C04A2}.Release|x86.ActiveCfg = Release|Any CPU
		{F27EE0F7-CD8F-45D5-A9D0-545E8C4C04A2}.Release|x86.Build.0 = Release|Any CPU
		{9481F6CC-BDC9-4136-8712-683AB4956A6F}.Debug|Any CPU.ActiveCfg = Debug|Any CPU
		{9481F6CC-BDC9-4136-8712-683AB4956A6F}.Debug|Any CPU.Build.0 = Debug|Any CPU
		{9481F6CC-BDC9-4136-8712-683AB4956A6F}.Debug|x64.ActiveCfg = Debug|Any CPU
		{9481F6CC-BDC9-4136-8712-683AB4956A6F}.Debug|x64.Build.0 = Debug|Any CPU
		{9481F6CC-BDC9-4136-8712-683AB4956A6F}.Debug|x86.ActiveCfg = Debug|Any CPU
		{9481F6CC-BDC9-4136-8712-683AB4956A6F}.Debug|x86.Build.0 = Debug|Any CPU
		{9481F6CC-BDC9-4136-8712-683AB4956A6F}.Release|Any CPU.ActiveCfg = Release|Any CPU
		{9481F6CC-BDC9-4136-8712-683AB4956A6F}.Release|Any CPU.Build.0 = Release|Any CPU
		{9481F6CC-BDC9-4136-8712-683AB4956A6F}.Release|x64.ActiveCfg = Release|Any CPU
		{9481F6CC-BDC9-4136-8712-683AB4956A6F}.Release|x64.Build.0 = Release|Any CPU
		{9481F6CC-BDC9-4136-8712-683AB4956A6F}.Release|x86.ActiveCfg = Release|Any CPU
		{9481F6CC-BDC9-4136-8712-683AB4956A6F}.Release|x86.Build.0 = Release|Any CPU
		{AC03576E-DB25-4563-A91D-225CFD6DAEAD}.Debug|Any CPU.ActiveCfg = Debug|Any CPU
		{AC03576E-DB25-4563-A91D-225CFD6DAEAD}.Debug|Any CPU.Build.0 = Debug|Any CPU
		{AC03576E-DB25-4563-A91D-225CFD6DAEAD}.Debug|x64.ActiveCfg = Debug|Any CPU
		{AC03576E-DB25-4563-A91D-225CFD6DAEAD}.Debug|x64.Build.0 = Debug|Any CPU
		{AC03576E-DB25-4563-A91D-225CFD6DAEAD}.Debug|x86.ActiveCfg = Debug|Any CPU
		{AC03576E-DB25-4563-A91D-225CFD6DAEAD}.Debug|x86.Build.0 = Debug|Any CPU
		{AC03576E-DB25-4563-A91D-225CFD6DAEAD}.Release|Any CPU.ActiveCfg = Release|Any CPU
		{AC03576E-DB25-4563-A91D-225CFD6DAEAD}.Release|Any CPU.Build.0 = Release|Any CPU
		{AC03576E-DB25-4563-A91D-225CFD6DAEAD}.Release|x64.ActiveCfg = Release|Any CPU
		{AC03576E-DB25-4563-A91D-225CFD6DAEAD}.Release|x64.Build.0 = Release|Any CPU
		{AC03576E-DB25-4563-A91D-225CFD6DAEAD}.Release|x86.ActiveCfg = Release|Any CPU
		{AC03576E-DB25-4563-A91D-225CFD6DAEAD}.Release|x86.Build.0 = Release|Any CPU
		{05604525-AEBD-4D77-B761-C85FA23A34B6}.Debug|Any CPU.ActiveCfg = Debug|Any CPU
		{05604525-AEBD-4D77-B761-C85FA23A34B6}.Debug|Any CPU.Build.0 = Debug|Any CPU
		{05604525-AEBD-4D77-B761-C85FA23A34B6}.Debug|x64.ActiveCfg = Debug|Any CPU
		{05604525-AEBD-4D77-B761-C85FA23A34B6}.Debug|x64.Build.0 = Debug|Any CPU
		{05604525-AEBD-4D77-B761-C85FA23A34B6}.Debug|x86.ActiveCfg = Debug|Any CPU
		{05604525-AEBD-4D77-B761-C85FA23A34B6}.Debug|x86.Build.0 = Debug|Any CPU
		{05604525-AEBD-4D77-B761-C85FA23A34B6}.Release|Any CPU.ActiveCfg = Release|Any CPU
		{05604525-AEBD-4D77-B761-C85FA23A34B6}.Release|Any CPU.Build.0 = Release|Any CPU
		{05604525-AEBD-4D77-B761-C85FA23A34B6}.Release|x64.ActiveCfg = Release|Any CPU
		{05604525-AEBD-4D77-B761-C85FA23A34B6}.Release|x64.Build.0 = Release|Any CPU
		{05604525-AEBD-4D77-B761-C85FA23A34B6}.Release|x86.ActiveCfg = Release|Any CPU
		{05604525-AEBD-4D77-B761-C85FA23A34B6}.Release|x86.Build.0 = Release|Any CPU
		{14B0E98F-EAC8-49F8-8F1E-F58F56DDA8C2}.Debug|Any CPU.ActiveCfg = Debug|Any CPU
		{14B0E98F-EAC8-49F8-8F1E-F58F56DDA8C2}.Debug|Any CPU.Build.0 = Debug|Any CPU
		{14B0E98F-EAC8-49F8-8F1E-F58F56DDA8C2}.Debug|x64.ActiveCfg = Debug|Any CPU
		{14B0E98F-EAC8-49F8-8F1E-F58F56DDA8C2}.Debug|x64.Build.0 = Debug|Any CPU
		{14B0E98F-EAC8-49F8-8F1E-F58F56DDA8C2}.Debug|x86.ActiveCfg = Debug|Any CPU
		{14B0E98F-EAC8-49F8-8F1E-F58F56DDA8C2}.Debug|x86.Build.0 = Debug|Any CPU
		{14B0E98F-EAC8-49F8-8F1E-F58F56DDA8C2}.Release|Any CPU.ActiveCfg = Release|Any CPU
		{14B0E98F-EAC8-49F8-8F1E-F58F56DDA8C2}.Release|Any CPU.Build.0 = Release|Any CPU
		{14B0E98F-EAC8-49F8-8F1E-F58F56DDA8C2}.Release|x64.ActiveCfg = Release|Any CPU
		{14B0E98F-EAC8-49F8-8F1E-F58F56DDA8C2}.Release|x64.Build.0 = Release|Any CPU
		{14B0E98F-EAC8-49F8-8F1E-F58F56DDA8C2}.Release|x86.ActiveCfg = Release|Any CPU
		{14B0E98F-EAC8-49F8-8F1E-F58F56DDA8C2}.Release|x86.Build.0 = Release|Any CPU
		{A3110D71-BDB8-4E5D-AE0D-973B6481602A}.Debug|Any CPU.ActiveCfg = Debug|Any CPU
		{A3110D71-BDB8-4E5D-AE0D-973B6481602A}.Debug|Any CPU.Build.0 = Debug|Any CPU
		{A3110D71-BDB8-4E5D-AE0D-973B6481602A}.Debug|x64.ActiveCfg = Debug|Any CPU
		{A3110D71-BDB8-4E5D-AE0D-973B6481602A}.Debug|x64.Build.0 = Debug|Any CPU
		{A3110D71-BDB8-4E5D-AE0D-973B6481602A}.Debug|x86.ActiveCfg = Debug|Any CPU
		{A3110D71-BDB8-4E5D-AE0D-973B6481602A}.Debug|x86.Build.0 = Debug|Any CPU
		{A3110D71-BDB8-4E5D-AE0D-973B6481602A}.Release|Any CPU.ActiveCfg = Release|Any CPU
		{A3110D71-BDB8-4E5D-AE0D-973B6481602A}.Release|Any CPU.Build.0 = Release|Any CPU
		{A3110D71-BDB8-4E5D-AE0D-973B6481602A}.Release|x64.ActiveCfg = Release|Any CPU
		{A3110D71-BDB8-4E5D-AE0D-973B6481602A}.Release|x64.Build.0 = Release|Any CPU
		{A3110D71-BDB8-4E5D-AE0D-973B6481602A}.Release|x86.ActiveCfg = Release|Any CPU
		{A3110D71-BDB8-4E5D-AE0D-973B6481602A}.Release|x86.Build.0 = Release|Any CPU
	EndGlobalSection
EndGlobal
