
Microsoft Visual Studio Solution File, Format Version 12.00
# Visual Studio Version 16
VisualStudioVersion = 16.0.30114.105
MinimumVisualStudioVersion = 10.0.40219.1
Project("{F2A71F9B-5D33-465A-A702-920D77279786}") = "Exam", "Exam\Exam.fsproj", "{CA14D355-AC5B-4E6A-819E-0314BC422122}"
EndProject
Project("{F2A71F9B-5D33-465A-A702-920D77279786}") = "Exam.Tests", "Exam.Tests\Exam.Tests.fsproj", "{40E079CD-DDB1-47D9-AD36-D20FA0DA2A0C}"
EndProject
Global
	GlobalSection(SolutionConfigurationPlatforms) = preSolution
		Debug|Any CPU = Debug|Any CPU
		Release|Any CPU = Release|Any CPU
	EndGlobalSection
	GlobalSection(SolutionProperties) = preSolution
		HideSolutionNode = FALSE
	EndGlobalSection
	GlobalSection(ProjectConfigurationPlatforms) = postSolution
		{CA14D355-AC5B-4E6A-819E-0314BC422122}.Debug|Any CPU.ActiveCfg = Debug|Any CPU
		{CA14D355-AC5B-4E6A-819E-0314BC422122}.Debug|Any CPU.Build.0 = Debug|Any CPU
		{CA14D355-AC5B-4E6A-819E-0314BC422122}.Release|Any CPU.ActiveCfg = Release|Any CPU
		{CA14D355-AC5B-4E6A-819E-0314BC422122}.Release|Any CPU.Build.0 = Release|Any CPU
		{40E079CD-DDB1-47D9-AD36-D20FA0DA2A0C}.Debug|Any CPU.ActiveCfg = Debug|Any CPU
		{40E079CD-DDB1-47D9-AD36-D20FA0DA2A0C}.Debug|Any CPU.Build.0 = Debug|Any CPU
		{40E079CD-DDB1-47D9-AD36-D20FA0DA2A0C}.Release|Any CPU.ActiveCfg = Release|Any CPU
		{40E079CD-DDB1-47D9-AD36-D20FA0DA2A0C}.Release|Any CPU.Build.0 = Release|Any CPU
	EndGlobalSection
EndGlobal
