
Microsoft Visual Studio Solution File, Format Version 12.00
# Visual Studio Version 16
VisualStudioVersion = 16.0.30114.105
MinimumVisualStudioVersion = 10.0.40219.1
Project("{FAE04EC0-301F-11D3-BF4B-00C04F79EFBC}") = "Exam", "Exam\Exam.fsproj", "{C9A487C7-E9AD-4F08-93BB-DF129987A3F1}"
EndProject
Project("{FAE04EC0-301F-11D3-BF4B-00C04F79EFBC}") = "Exam.Tests", "Exam.Tests\Exam.Tests.fsproj", "{B52616C2-BF85-4AA4-BEFB-0442CBF151CA}"
EndProject
Global
	GlobalSection(SolutionConfigurationPlatforms) = preSolution
		Debug|Any CPU = Debug|Any CPU
		Release|Any CPU = Release|Any CPU
	EndGlobalSection
	GlobalSection(SolutionProperties) = preSolution
		HideSolutionNode = FALSE
	EndGlobalSection
	GlobalSection(ProjectConfigurationPlatforms) = postSolution
		{C9A487C7-E9AD-4F08-93BB-DF129987A3F1}.Debug|Any CPU.ActiveCfg = Debug|Any CPU
		{C9A487C7-E9AD-4F08-93BB-DF129987A3F1}.Debug|Any CPU.Build.0 = Debug|Any CPU
		{C9A487C7-E9AD-4F08-93BB-DF129987A3F1}.Release|Any CPU.ActiveCfg = Release|Any CPU
		{C9A487C7-E9AD-4F08-93BB-DF129987A3F1}.Release|Any CPU.Build.0 = Release|Any CPU
		{B52616C2-BF85-4AA4-BEFB-0442CBF151CA}.Debug|Any CPU.ActiveCfg = Debug|Any CPU
		{B52616C2-BF85-4AA4-BEFB-0442CBF151CA}.Debug|Any CPU.Build.0 = Debug|Any CPU
		{B52616C2-BF85-4AA4-BEFB-0442CBF151CA}.Release|Any CPU.ActiveCfg = Release|Any CPU
		{B52616C2-BF85-4AA4-BEFB-0442CBF151CA}.Release|Any CPU.Build.0 = Release|Any CPU
	EndGlobalSection
EndGlobal
